PODS:
  - Alamofire (5.2.1)
  - Realm (5.2.0):
    - Realm/Headers (= 5.2.0)
  - Realm/Headers (5.2.0)
  - RealmSwift (5.2.0):
    - Realm (= 5.2.0)
  - SVProgressHUD (2.2.5)

DEPENDENCIES:
  - Alamofire
  - RealmSwift
  - SVProgressHUD

SPEC REPOS:
  trunk:
    - Alamofire
    - Realm
    - RealmSwift
    - SVProgressHUD

SPEC CHECKSUMS:
  Alamofire: e911732990610fe89af59ac0077f923d72dc3dfd
  Realm: f749c723e272f08fdf1939af5e61d2bd09b203e8
  RealmSwift: bf0ab78b52c5bafba8b3ad73be8dfb4c1ea5cf01
  SVProgressHUD: 1428aafac632c1f86f62aa4243ec12008d7a51d6

PODFILE CHECKSUM: 47aa09e26c54027e3b401b1da70a78ba7ff35ec1

COCOAPODS: 1.9.3
